{
    "_meta": {
        "hash": {
            "sha256": "2b9a382d472437d1fc633cfecc09149e152a50d167cd151a7d92eb470a3c33db"
        },
        "pipfile-spec": 6,
        "requires": {
            "python_full_version": "3.10.8",
            "python_version": "3.10"
        },
        "sources": [
            {
                "name": "pypi",
                "url": "https://pypi.org/simple",
                "verify_ssl": true
            }
        ]
    },
    "default": {
        "georinex": {
            "hashes": [
                "sha256:6a019e941eea13e2baae1db131a145c4e79d0ef071cc2a5a7715bad34e005715"
            ],
            "index": "pypi",
            "markers": "python_version >= '3.7'",
            "version": "==1.16.1"
        },
        "hatanaka": {
            "hashes": [
                "sha256:085bcf99f0dbf7ad6c05a5e192e222a82173e901fb3255d21eabc41bcca02f23",
                "sha256:1a7990b900643fa3b0a720cec83e1b7bd544128ae3a11509f27fea4d0ae9d131",
                "sha256:23e9ade070cdfd1dcb2f4029f8adfed82b5b3fd58317fa91df7ff43f1681b299",
                "sha256:402624db70856e804b6d3438921ae8058b033f8ceb05bb2c228f8d46250d78b1",
                "sha256:4a92a3b1cd403d826802f3b9b83d68479a210ed91bffd37efeb9aa2b87dea521",
                "sha256:5131cb9160bfe9df3127f8909a2bb47a0e3afc1778e72a49a5866522357e7d76",
                "sha256:6ae11ee5c489a803a2b34a546ab604b84be12b226e1655bbe7654701e22fe38e",
                "sha256:7a3628e116241cb51d15d1efada4fcd87c97db30bfd479ec540c024139fa088b",
                "sha256:7e8cc8829d4a0bc74b13fba07aecca5e3fcde0ea602a090bf6946931e5c5b108",
                "sha256:8ea03da8ffa218d7db49239f5225a0cb4f874a04de83b4cbdf2dfe6e312c249c",
                "sha256:96c1abdcf7bb3bc010da8314db38b3f458120b254f866652f20ac1c929846907",
                "sha256:abb9c216fd37fae932008da1824b9e12842ad468b7bc5a92d21da1867fa32499",
                "sha256:d86f2fb9e847a7fe5d4a330f3cbadc487d902b03021c609c5dd750688b712074",
                "sha256:d8e406ce6b5d40b83d659ba39640e592e62cdd894b4c5425d0773f6461bb9b4b",
                "sha256:e20c9d97483f08890f28745c144f412d57f524289efd7a83a300d98aabdad567",
                "sha256:eac8f15d0546a065f43d83e2bb9f1909167c3304e407363fb58c6469ffc8eb11",
                "sha256:eb61234c5f53991433097ba26eaacf05c177df3b8b986d4043acc03da5e11d70"
            ],
            "markers": "python_version >= '3.6'",
            "version": "==2.8.1"
        },
        "importlib-resources": {
            "hashes": [
                "sha256:9d48dcccc213325e810fd723e7fbb45ccb39f6cf5c31f00cf2b965f5f10f3cb9",
                "sha256:aa50258bbfa56d4e33fbd8aa3ef48ded10d1735f11532b8df95388cc6bdb7e83"
            ],
            "markers": "python_version >= '3.8'",
            "version": "==6.1.0"
        },
        "joblib": {
            "hashes": [
                "sha256:92f865e621e17784e7955080b6d042489e3b8e294949cc44c6eac304f59772b1",
                "sha256:ef4331c65f239985f3f2220ecc87db222f08fd22097a3dd5698f693875f8cbb9"
            ],
            "index": "pypi",
            "markers": "python_version >= '3.7'",
            "version": "==1.3.2"
        },
        "ncompress": {
            "hashes": [
                "sha256:016a3c60f6a25c50323cbcf4faf7c6ccd1992468eb6c6348a9d164cca3b53083",
                "sha256:0459002f93a2ed501fc76b6cd8806216f242cd86f11dac6df88932214345dd42",
                "sha256:062d8fb3ea0534a96de052eb68343da831c88a607685a87b0dc144ad1466e9ff",
                "sha256:068bb0356d74afcf8f38b231e76773116e7346c76a6face3e25ec7cec4d60795",
                "sha256:0ce207383fa1c1fb47320f3fb593a360ad30cc04b5ffcd868c020210eb57b798",
                "sha256:0f7c85fb141308e806fecc47791aaa5d03efd05f2b6d0d9bdf0f7ce021f60799",
                "sha256:13a719822859605a798cf96e678b31e1dd66541369be48cc3ef544f2c6e14f08",
                "sha256:149464d41c24fa66e1497b8e2b460f312dbe017624b46af1514bf0276485a99f",
                "sha256:2039fd029b0c7b7bec320ab5450cdc93ef786bad9ba7a87162aa2892dd7156f9",
                "sha256:213eedd6cf7bf550cce2ff6e72791c8343396d169a248d1b422b17f68cd387ed",
                "sha256:29e7fce7e246de8871dc94349a1abf21da675e249acdaac76d95601a7c3da928",
                "sha256:2df08321ed9c8d0bbba34b2859b8a5a2833a3a315f131b81603eb1dc7423c0ba",
                "sha256:39ced149de176fda05198e4d0ede9d88bb2a4b717f559b4826a169dd61ab41d9",
                "sha256:3c48aac59135cd521ba7a8ee0f6dd9d03946a3f2d2e02d4534dabe7423fd3420",
                "sha256:47ade5c18733da749ba7371ac27e68ba806d67d430e5eb37c48bf338bb975382",
                "sha256:487f680e369ef2f7cdf26f888dd83dc2bdf36c5764d7be204300db2a8e176e50",
                "sha256:497be1959fa0c0c4249f546c059ee0a98e4f86d2bafe846a69acdbcd3bab849b",
                "sha256:4a707c302c008498afd23959ba6d64b7e4aa3a292d78e10dbb5c35f80b57ad64",
                "sha256:4abc4469666f6cf7f7e27fc8c1e629088c075ef5dfb22ad55cb80a193d745fdc",
                "sha256:62a95f693d6964d1b25110afa7b2111a6a471c62727b5efa2e3a8e5e3c5922ff",
                "sha256:64bf39b339350f099811ab8eaf7a8aece5629a4555838c9744c81cdc39a1ad15",
                "sha256:723308a5782bed3ddcfba9e0c3ce6aecfad01e3d7644b44995e2cecc7317685f",
                "sha256:73a1025f501ea3d0b729da59f557ab67f6533a97ebe0082fd762018132cf92a7",
                "sha256:7719b8659a9f61b3cfacbbd9c1bb07a3656945aed0bf2c73e34cd1122edc9ff2",
                "sha256:7be5cca28b1a7c8df5d989d90c80d316b486bc8d32c67aec2029b27b9589c5df",
                "sha256:7c19380caa250289260576ca5c29558ed00f516ba9844283d6c9a5b7e6a0475f",
                "sha256:7eb3eb16d26acc64e3175e8aec9dc102fe3355e45a701bf8c273c9d9af55b2d0",
                "sha256:8101d647f5334c4afb2a11e0c18602a9bdddb4260ee0a4f8ec6241930c89124d",
                "sha256:8207723ff3ba3f27a4bdb7632d5be05a6de5e0e163c4495dd66856d713f96dec",
                "sha256:8308fb769bb5eb063badd92904f4abe8c0f1c023d71a7cda168a033cbcc60c88",
                "sha256:85feb2f4ea85ac8ac9708c9a912e93f75e899d88eab2af6e89aae7a79120e105",
                "sha256:87ea419d904f44833620a14a9815d3aaa70e4b9739a743953c963a56be64d711",
                "sha256:938eee75b6084e5fb3cf4fb6a79ba86fb261cade319639893f369401c53687e4",
                "sha256:95a846e1704852c95c7ec347f09fc4bea3dfd3581020e3c694a1081a8fcd3ea1",
                "sha256:9bcb8f79fcaba867768178b98e25106c63a79f077f1ea22ec59e7945236a8ab7",
                "sha256:a1f9b16445da8af82073b5e7a9b33c024bd4299bfecfba1da636d32da5c9c399",
                "sha256:a27a54b572da8f14ac0c0689660f13cddb02a2822b03048d3c2ce3d28fb11027",
                "sha256:a6ae50e6e7f15aad30cd73d9261742e683fb660e9598564b14f05fe87e026e65",
                "sha256:a9345d3825776440bba31b1998bd11a377e3eb98bb79377ae91739b5e7464c1c",
                "sha256:a94fc9e3e047199c29ada85fa3104de6a7b486859337a05259b8ae24c1686e29",
                "sha256:ac44c41811b5c1105974f92858cf607de7cd2a9a57ad2e511c603fc90d4dd034",
                "sha256:ba638721c66c1946c32bbb86e9413c8a101b0db09c82afe96dfe1a2201783cab",
                "sha256:c242d28f5679319733cf0f9a5342c3a94161214fb6ab4ef0fb15a31c65d69114",
                "sha256:c34316051bfc1305b3f51bf03cb78e115d23b153a34d8a1a9d04459e42857f84",
                "sha256:c62cd047119d897b789955b082c9da76efae5b47f84b0ebe68fbe9e37f932f7b",
                "sha256:cd1d7c3458f4c345dc47ede17e7777b1a7d6a26f18d08962b0a0804b142fdc1e",
                "sha256:cfba2d01010ee437425c0dd029e27429a6595e3e9447750b5821cb1908d347dc",
                "sha256:d26a0b26e958ea7ffbc41fa6fdfa9e8f1c72b45134ca0ad198ea3f61701ba0b4",
                "sha256:dbf462b9cc620b56bf824aa20aa9d75de04444d1e43f1b228037d1ecf01ce6be",
                "sha256:df2afc9e5ac6a72bed94fd75967cdacf826d94b7b29fe841210fefb1a7c6a6bb",
                "sha256:e37c183901042dbb29f9d24ce5a1239e9c57afdb9eb1a6a9deb5e036cca7149d",
                "sha256:f49a6aa4e1757a0963bbadea6219c0369afb07265ace6e5c4201c974f5e271a3"
            ],
            "markers": "python_version >= '3.8'",
            "version": "==1.0.1"
        },
        "numpy": {
            "hashes": [
                "sha256:020cdbee66ed46b671429c7265cf00d8ac91c046901c55684954c3958525dab2",
                "sha256:0621f7daf973d34d18b4e4bafb210bbaf1ef5e0100b5fa750bd9cde84c7ac292",
                "sha256:0792824ce2f7ea0c82ed2e4fecc29bb86bee0567a080dacaf2e0a01fe7654369",
                "sha256:09aaee96c2cbdea95de76ecb8a586cb687d281c881f5f17bfc0fb7f5890f6b91",
                "sha256:166b36197e9debc4e384e9c652ba60c0bacc216d0fc89e78f973a9760b503388",
                "sha256:186ba67fad3c60dbe8a3abff3b67a91351100f2661c8e2a80364ae6279720299",
                "sha256:306545e234503a24fe9ae95ebf84d25cba1fdc27db971aa2d9f1ab6bba19a9dd",
                "sha256:436c8e9a4bdeeee84e3e59614d38c3dbd3235838a877af8c211cfcac8a80b8d3",
                "sha256:4a873a8180479bc829313e8d9798d5234dfacfc2e8a7ac188418189bb8eafbd2",
                "sha256:4acc65dd65da28060e206c8f27a573455ed724e6179941edb19f97e58161bb69",
                "sha256:51be5f8c349fdd1a5568e72713a21f518e7d6707bcf8503b528b88d33b57dc68",
                "sha256:546b7dd7e22f3c6861463bebb000646fa730e55df5ee4a0224408b5694cc6148",
                "sha256:5671338034b820c8d58c81ad1dafc0ed5a00771a82fccc71d6438df00302094b",
                "sha256:637c58b468a69869258b8ae26f4a4c6ff8abffd4a8334c830ffb63e0feefe99a",
                "sha256:767254ad364991ccfc4d81b8152912e53e103ec192d1bb4ea6b1f5a7117040be",
                "sha256:7d484292eaeb3e84a51432a94f53578689ffdea3f90e10c8b203a99be5af57d8",
                "sha256:7f6bad22a791226d0a5c7c27a80a20e11cfe09ad5ef9084d4d3fc4a299cca505",
                "sha256:86f737708b366c36b76e953c46ba5827d8c27b7a8c9d0f471810728e5a2fe57c",
                "sha256:8c6adc33561bd1d46f81131d5352348350fc23df4d742bb246cdfca606ea1208",
                "sha256:914b28d3215e0c721dc75db3ad6d62f51f630cb0c277e6b3bcb39519bed10bd8",
                "sha256:b44e6a09afc12952a7d2a58ca0a2429ee0d49a4f89d83a0a11052da696440e49",
                "sha256:bb0d9a1aaf5f1cb7967320e80690a1d7ff69f1d47ebc5a9bea013e3a21faec95",
                "sha256:c0b45c8b65b79337dee5134d038346d30e109e9e2e9d43464a2970e5c0e93229",
                "sha256:c2e698cb0c6dda9372ea98a0344245ee65bdc1c9dd939cceed6bb91256837896",
                "sha256:c78a22e95182fb2e7874712433eaa610478a3caf86f28c621708d35fa4fd6e7f",
                "sha256:e062aa24638bb5018b7841977c360d2f5917268d125c833a686b7cbabbec496c",
                "sha256:e5e18e5b14a7560d8acf1c596688f4dfd19b4f2945b245a71e5af4ddb7422feb",
                "sha256:eae430ecf5794cb7ae7fa3808740b015aa80747e5266153128ef055975a72b99",
                "sha256:ee84ca3c58fe48b8ddafdeb1db87388dce2c3c3f701bf447b05e4cfcc3679112",
                "sha256:f042f66d0b4ae6d48e70e28d487376204d3cbf43b84c03bac57e28dac6151581",
                "sha256:f8db2f125746e44dce707dd44d4f4efeea8d7e2b43aace3f8d1f235cfa2733dd",
                "sha256:f93fc78fe8bf15afe2b8d6b6499f1c73953169fad1e9a8dd086cdff3190e7fdf"
            ],
            "index": "pypi",
            "markers": "python_version < '3.13' and python_version >= '3.9'",
            "version": "==1.26.0"
        },
        "packaging": {
            "hashes": [
                "sha256:048fb0e9405036518eaaf48a55953c750c11e1a1b68e0dd1a9d62ed0c092cfc5",
                "sha256:8c491190033a9af7e1d931d0b5dacc2ef47509b34dd0de67ed209b5203fc88c7"
            ],
            "markers": "python_version >= '3.7'",
            "version": "==23.2"
        },
        "pandas": {
            "hashes": [
                "sha256:02304e11582c5d090e5a52aec726f31fe3f42895d6bfc1f28738f9b64b6f0614",
                "sha256:0489b0e6aa3d907e909aef92975edae89b1ee1654db5eafb9be633b0124abe97",
                "sha256:05674536bd477af36aa2effd4ec8f71b92234ce0cc174de34fd21e2ee99adbc2",
                "sha256:25e8474a8eb258e391e30c288eecec565bfed3e026f312b0cbd709a63906b6f8",
                "sha256:29deb61de5a8a93bdd033df328441a79fcf8dd3c12d5ed0b41a395eef9cd76f0",
                "sha256:366da7b0e540d1b908886d4feb3d951f2f1e572e655c1160f5fde28ad4abb750",
                "sha256:3bcad1e6fb34b727b016775bea407311f7721db87e5b409e6542f4546a4951ea",
                "sha256:4c3f32fd7c4dccd035f71734df39231ac1a6ff95e8bdab8d891167197b7018d2",
                "sha256:4cdb0fab0400c2cb46dafcf1a0fe084c8bb2480a1fa8d81e19d15e12e6d4ded2",
                "sha256:4f99bebf19b7e03cf80a4e770a3e65eee9dd4e2679039f542d7c1ace7b7b1daa",
                "sha256:58d997dbee0d4b64f3cb881a24f918b5f25dd64ddf31f467bb9b67ae4c63a1e4",
                "sha256:75ce97667d06d69396d72be074f0556698c7f662029322027c226fd7a26965cb",
                "sha256:84e7e910096416adec68075dc87b986ff202920fb8704e6d9c8c9897fe7332d6",
                "sha256:9e2959720b70e106bb1d8b6eadd8ecd7c8e99ccdbe03ee03260877184bb2877d",
                "sha256:9e50e72b667415a816ac27dfcfe686dc5a0b02202e06196b943d54c4f9c7693e",
                "sha256:a0dbfea0dd3901ad4ce2306575c54348d98499c95be01b8d885a2737fe4d7a98",
                "sha256:b407381258a667df49d58a1b637be33e514b07f9285feb27769cedb3ab3d0b3a",
                "sha256:b8bd1685556f3374520466998929bade3076aeae77c3e67ada5ed2b90b4de7f0",
                "sha256:c1f84c144dee086fe4f04a472b5cd51e680f061adf75c1ae4fc3a9275560f8f4",
                "sha256:c747793c4e9dcece7bb20156179529898abf505fe32cb40c4052107a3c620b49",
                "sha256:cc1ab6a25da197f03ebe6d8fa17273126120874386b4ac11c1d687df288542dd",
                "sha256:dc3657869c7902810f32bd072f0740487f9e030c1a3ab03e0af093db35a9d14e",
                "sha256:f5ec7740f9ccb90aec64edd71434711f58ee0ea7f5ed4ac48be11cfa9abf7317",
                "sha256:fecb198dc389429be557cde50a2d46da8434a17fe37d7d41ff102e3987fd947b",
                "sha256:ffa8f0966de2c22de408d0e322db2faed6f6e74265aa0856f3824813cf124363"
            ],
            "index": "pypi",
            "markers": "python_version >= '3.9'",
            "version": "==2.1.1"
        },
        "python-dateutil": {
            "hashes": [
                "sha256:0123cacc1627ae19ddf3c27a5de5bd67ee4586fbdd6440d9748f8abb483d3e86",
                "sha256:961d03dc3453ebbc59dbdea9e4e11c5651520a876d0f4db161e8674aae935da9"
            ],
            "markers": "python_version >= '2.7' and python_version not in '3.0, 3.1, 3.2, 3.3'",
            "version": "==2.8.2"
        },
        "pytz": {
            "hashes": [
                "sha256:7b4fddbeb94a1eba4b557da24f19fdf9db575192544270a9101d8509f9f43d7b",
                "sha256:ce42d816b81b68506614c11e8937d3aa9e41007ceb50bfdcb0749b921bf646c7"
            ],
            "version": "==2023.3.post1"
        },
        "six": {
            "hashes": [
                "sha256:1e61c37477a1626458e36f7b1d82aa5c9b094fa4802892072e49de9c60c4c926",
                "sha256:8abb2f1d86890a2dfb989f9a77cfcfd3e47c2a354b01111771326f8aa26e0254"
            ],
            "markers": "python_version >= '2.7' and python_version not in '3.0, 3.1, 3.2, 3.3'",
            "version": "==1.16.0"
        },
        "tzdata": {
            "hashes": [
                "sha256:11ef1e08e54acb0d4f95bdb1be05da659673de4acbd21bf9c69e94cc5e907a3a",
                "sha256:7e65763eef3120314099b6939b5546db7adce1e7d6f2e179e3df563c70511eda"
            ],
            "markers": "python_version >= '2'",
            "version": "==2023.3"
        },
        "unlzw3": {
            "hashes": [
                "sha256:d037a9b6823d1a455d6de1e0258af8c0f5dbf40aba3b19cc514448e78da77062",
                "sha256:f2a40fbd2a3c9648745227e5d269a851dbed7802999db4654d358a40a5d61c2f"
            ],
            "markers": "python_version >= '3.7'",
            "version": "==0.2.2"
        },
        "xarray": {
            "hashes": [
                "sha256:271955c05dc626dad37791a7807d920aaf9c64cac71d03b45ec7e402cc646603",
                "sha256:3fc4a558bd70968040a4e1cefc6ddb3f9a7a86ef6a48e67857156ffe655d3a66"
            ],
            "markers": "python_version >= '3.9'",
            "version": "==2023.9.0"
        }
    },
    "develop": {}
}
