{
    "_meta": {
        "hash": {
            "sha256": "1a9f1f38f424f0854d229089d65af53c3899719ccfa06f2eb15c205f61029195"
        },
        "pipfile-spec": 6,
        "requires": {
            "python_full_version": "3.10.8",
            "python_version": "3.10"
        },
        "sources": [
            {
                "name": "pypi",
                "url": "https://pypi.org/simple",
                "verify_ssl": true
            }
        ]
    },
    "default": {
        "attrs": {
            "hashes": [
                "sha256:29adc2665447e5191d0e7c568fde78b21f9672d344281d0c6e1ab085429b22b6",
                "sha256:86efa402f67bf2df34f51a335487cf46b1ec130d02b8d39fd248abfd30da551c"
            ],
            "markers": "python_version >= '3.5'",
            "version": "==22.1.0"
        },
        "exceptiongroup": {
            "hashes": [
                "sha256:542adf9dea4055530d6e1279602fa5cb11dab2395fa650b8674eaec35fc4a828",
                "sha256:bd14967b79cd9bdb54d97323216f8fdf533e278df937aa2a90089e7d6e06e5ec"
            ],
            "markers": "python_version < '3.11'",
            "version": "==1.0.4"
        },
        "georinex": {
            "hashes": [
                "sha256:6a019e941eea13e2baae1db131a145c4e79d0ef071cc2a5a7715bad34e005715"
            ],
            "index": "pypi",
            "version": "==1.16.1"
        },
        "hatanaka": {
            "hashes": [
                "sha256:0e095d35ed4f607eb77ae47ecb310e4c25f5a6267037b703ea258ed03e5c47da",
                "sha256:84faa953b4f641a6d3cf8187f1775ba7e7f8d815f7bcd48cfb18553b766cbc41",
                "sha256:ccf8be554deee2fc70be52bd2f1d3d4dd370001caa74333bf041933d69a19023",
                "sha256:ce1628029c6b50c142a8fc5f15453c4cf2a3fd88a7128075415aeb5c9a2727d0"
            ],
            "markers": "python_version >= '3.6'",
            "version": "==2.8.0"
        },
        "importlib-resources": {
            "hashes": [
                "sha256:c01b1b94210d9849f286b86bb51bcea7cd56dde0600d8db721d7b81330711668",
                "sha256:ee17ec648f85480d523596ce49eae8ead87d5631ae1551f913c0100b5edd3437"
            ],
            "markers": "python_version >= '3.7'",
            "version": "==5.10.0"
        },
        "iniconfig": {
            "hashes": [
                "sha256:011e24c64b7f47f6ebd835bb12a743f2fbe9a26d4cecaa7f53bc4f35ee9da8b3",
                "sha256:bc3af051d7d14b2ee5ef9969666def0cd1a000e121eaea580d4a313df4b37f32"
            ],
            "version": "==1.1.1"
        },
        "ncompress": {
            "hashes": [
                "sha256:0349d7de11edd70a7efea9ce9dc67f0e47b5774832dd063f7ae68a9e3e36ea31",
                "sha256:070044eab19586a45d1855c3e50e000ce86d6075b122a5ec8cffd480713dffac",
                "sha256:13fa26ec8000d786a8079bb265508b5df4b445a4f460481a13549b4bd3c83824",
                "sha256:15f10fbfa11345ff0af090e3e6ae13a1fe2b52a2bb39d4f2373c2d6aeac75e5d",
                "sha256:2a104803fbe3ab0a96edb14927fa22c8142be838aabe7e938b4a52a4e82db56e",
                "sha256:34754041d9bac2d6908ae0d07ba541e4d6d606cca222ddd53f3a57e15f386b0a",
                "sha256:34c6496168fd4dbc13f1fc0c0fcbadded1957639956f8cbc6894c39999817e36",
                "sha256:3590e66313041721ae81e72ece06b7048c9293321bb30900358638673608e264",
                "sha256:393cc3c126b9451fb32fe2bc07773264c90e73afbd37da0df472ac23bfd1a2d5",
                "sha256:5336a8831a7e587829ce54e9e27d1fb2e04ddbc7d2d983693e35a3a03ac3ce79",
                "sha256:5a2ae8a9170fa1f45df7efa292eb8c437b18c225b63d4adca4f50f9da0e8e0c7",
                "sha256:6540556d47670a8fb93878a44d0206bbdc87f32e4c5b57d6fe63691efafbb982",
                "sha256:66d991155a1655ccd98e8433c4a7e811d63eb649adb55f47d8f9528a30cc4b7a",
                "sha256:736dbae078107742cf6ac7ccc11ae9c5eab77ef2c02aab3ef64802877bb01cab",
                "sha256:7608fbda43d04d9f476be2dbf4ef3c96e72d83b9557a48b07fbc9ff3ad29cdd2",
                "sha256:78674f246878938387b6f82b10d1aa2192e02544d214541943d12ef1a45e66c6",
                "sha256:8322482e72ac2802d1dca1007ec06aa281a4d5cf1cf9f8c75bb51e917382b756",
                "sha256:8b9acc46cf36bb998ed215d6e76a94e2bd1e827b9a4cb5362982b7004b5a7620",
                "sha256:8eb4a55cbeaeb238a3b412952077be6b3f37b3416cd0211cc22776391ff2fef7",
                "sha256:916671d62167191af58d6b4a17b1c09c647e349dcff1fc0b7d764aa64c3773ee",
                "sha256:94b3f4e851f5b37e1d4cf2d8da911fa10783a59cba3d7f1f2ae5bd2842558077",
                "sha256:9cd040ad73a3b0e917e01cdfba507e10e0bb56849daaac3ac3d86382d4d7ad82",
                "sha256:9d89acf209858e7940223cf35324e1b2effec119bb009a41f039e2ea4db22177",
                "sha256:9da7c81313aed4b6c6e8020442ed8d03d04bff72947f9380ea1ce2c63ffb8ad1",
                "sha256:aaa18a509d9fc173b4b47d53c834e43ced1eda63d2aa7d4613dc59b2f802a31a",
                "sha256:ab9fc62baaa55faf8ed8ac67f2c64a7295fec91d7c1f306ac46aa894ca4edf91",
                "sha256:af0011bae90e44121f4e4edbff3dccdce7e4c5fc5e354db7eb48410d71f496df",
                "sha256:b031e06b42037b181e3514261e1e85a9eae4af990c12b9348a9f22b8042201ff",
                "sha256:d11df815d280985dfa660974df11dbe051a1a18dca2f91f9d30fbd6548237b8f",
                "sha256:d45ec59a8a3ce00613df0c81e5567854574dbbbf01ecd1a5a0929cd8fb04844d",
                "sha256:da216a53db7cd4c0247376f87367dd71df457443567e55310f6d3d23a9aff2f2",
                "sha256:e0ebd71990ef7909b6627b5341a2fe1977dcce61dd3760a29e19e3f9e4c6a275",
                "sha256:e6f5bf381412e9d3847b76e8b6bd1f84dfadcd3d9c25903c8592facb437909a0",
                "sha256:e7bbf10cca1376f4f17ae2c447e33a9d4067525abb0c71d488c9a5ced50552f1",
                "sha256:f9ba6ab2aadd6fd90365fdad5219e4dc7bc2459b94f1e900a733dddaf4e9b2e6",
                "sha256:fe0a671a2f7dc1ee0438d278ef30ab425a969536100c4352b5cb6bc0b6210818"
            ],
            "version": "==1.0.0"
        },
        "numpy": {
            "hashes": [
                "sha256:0fe563fc8ed9dc4474cbf70742673fc4391d70f4363f917599a7fa99f042d5a8",
                "sha256:12ac457b63ec8ded85d85c1e17d85efd3c2b0967ca39560b307a35a6703a4735",
                "sha256:2341f4ab6dba0834b685cce16dad5f9b6606ea8a00e6da154f5dbded70fdc4dd",
                "sha256:296d17aed51161dbad3c67ed6d164e51fcd18dbcd5dd4f9d0a9c6055dce30810",
                "sha256:488a66cb667359534bc70028d653ba1cf307bae88eab5929cd707c761ff037db",
                "sha256:4d52914c88b4930dafb6c48ba5115a96cbab40f45740239d9f4159c4ba779962",
                "sha256:5e13030f8793e9ee42f9c7d5777465a560eb78fa7e11b1c053427f2ccab90c79",
                "sha256:61be02e3bf810b60ab74e81d6d0d36246dbfb644a462458bb53b595791251911",
                "sha256:7607b598217745cc40f751da38ffd03512d33ec06f3523fb0b5f82e09f6f676d",
                "sha256:7a70a7d3ce4c0e9284e92285cba91a4a3f5214d87ee0e95928f3614a256a1488",
                "sha256:7ab46e4e7ec63c8a5e6dbf5c1b9e1c92ba23a7ebecc86c336cb7bf3bd2fb10e5",
                "sha256:8981d9b5619569899666170c7c9748920f4a5005bf79c72c07d08c8a035757b0",
                "sha256:8c053d7557a8f022ec823196d242464b6955a7e7e5015b719e76003f63f82d0f",
                "sha256:926db372bc4ac1edf81cfb6c59e2a881606b409ddc0d0920b988174b2e2a767f",
                "sha256:95d79ada05005f6f4f337d3bb9de8a7774f259341c70bc88047a1f7b96a4bcb2",
                "sha256:95de7dc7dc47a312f6feddd3da2500826defdccbc41608d0031276a24181a2c0",
                "sha256:a0882323e0ca4245eb0a3d0a74f88ce581cc33aedcfa396e415e5bba7bf05f68",
                "sha256:a8365b942f9c1a7d0f0dc974747d99dd0a0cdfc5949a33119caf05cb314682d3",
                "sha256:a8aae2fb3180940011b4862b2dd3756616841c53db9734b27bb93813cd79fce6",
                "sha256:c237129f0e732885c9a6076a537e974160482eab8f10db6292e92154d4c67d71",
                "sha256:c67b833dbccefe97cdd3f52798d430b9d3430396af7cdb2a0c32954c3ef73894",
                "sha256:ce03305dd694c4873b9429274fd41fc7eb4e0e4dea07e0af97a933b079a5814f",
                "sha256:d331afac87c92373826af83d2b2b435f57b17a5c74e6268b79355b970626e329",
                "sha256:dada341ebb79619fe00a291185bba370c9803b1e1d7051610e01ed809ef3a4ba",
                "sha256:ed2cc92af0efad20198638c69bb0fc2870a58dabfba6eb722c933b48556c686c",
                "sha256:f260da502d7441a45695199b4e7fd8ca87db659ba1c78f2bbf31f934fe76ae0e",
                "sha256:f2f390aa4da44454db40a1f0201401f9036e8d578a25f01a6e237cea238337ef",
                "sha256:f76025acc8e2114bb664294a07ede0727aa75d63a06d2fae96bf29a81747e4a7"
            ],
            "index": "pypi",
            "version": "==1.23.4"
        },
        "packaging": {
            "hashes": [
                "sha256:dd47c42927d89ab911e606518907cc2d3a1f38bbd026385970643f9c5b8ecfeb",
                "sha256:ef103e05f519cdc783ae24ea4e2e0f508a9c99b2d4969652eed6a2e1ea5bd522"
            ],
            "markers": "python_version >= '3.6'",
            "version": "==21.3"
        },
        "pandas": {
            "hashes": [
                "sha256:04e51b01d5192499390c0015630975f57836cc95c7411415b499b599b05c0c96",
                "sha256:05c527c64ee02a47a24031c880ee0ded05af0623163494173204c5b72ddce658",
                "sha256:0a78e05ec09731c5b3bd7a9805927ea631fe6f6cb06f0e7c63191a9a778d52b4",
                "sha256:17da7035d9e6f9ea9cdc3a513161f8739b8f8489d31dc932bc5a29a27243f93d",
                "sha256:249cec5f2a5b22096440bd85c33106b6102e0672204abd2d5c014106459804ee",
                "sha256:2c25e5c16ee5c0feb6cf9d982b869eec94a22ddfda9aa2fbed00842cbb697624",
                "sha256:32e3d9f65606b3f6e76555bfd1d0b68d94aff0929d82010b791b6254bf5a4b96",
                "sha256:36aa1f8f680d7584e9b572c3203b20d22d697c31b71189322f16811d4ecfecd3",
                "sha256:5b0c970e2215572197b42f1cff58a908d734503ea54b326412c70d4692256391",
                "sha256:5cee0c74e93ed4f9d39007e439debcaadc519d7ea5c0afc3d590a3a7b2edf060",
                "sha256:669c8605dba6c798c1863157aefde959c1796671ffb342b80fcb80a4c0bc4c26",
                "sha256:66a1ad667b56e679e06ba73bb88c7309b3f48a4c279bd3afea29f65a766e9036",
                "sha256:683779e5728ac9138406c59a11e09cd98c7d2c12f0a5fc2b9c5eecdbb4a00075",
                "sha256:6bb391659a747cf4f181a227c3e64b6d197100d53da98dcd766cc158bdd9ec68",
                "sha256:81f0674fa50b38b6793cd84fae5d67f58f74c2d974d2cb4e476d26eee33343d0",
                "sha256:927e59c694e039c75d7023465d311277a1fc29ed7236b5746e9dddf180393113",
                "sha256:932d2d7d3cab44cfa275601c982f30c2d874722ef6396bb539e41e4dc4618ed4",
                "sha256:a52419d9ba5906db516109660b114faf791136c94c1a636ed6b29cbfff9187ee",
                "sha256:b156a971bc451c68c9e1f97567c94fd44155f073e3bceb1b0d195fd98ed12048",
                "sha256:bcf1a82b770b8f8c1e495b19a20d8296f875a796c4fe6e91da5ef107f18c5ecb",
                "sha256:cb2a9cf1150302d69bb99861c5cddc9c25aceacb0a4ef5299785d0f5389a3209",
                "sha256:d8c709f4700573deb2036d240d140934df7e852520f4a584b2a8d5443b71f54d",
                "sha256:db45b94885000981522fb92349e6b76f5aee0924cc5315881239c7859883117d",
                "sha256:ddf46b940ef815af4e542697eaf071f0531449407a7607dd731bf23d156e20a7",
                "sha256:e675f8fe9aa6c418dc8d3aac0087b5294c1a4527f1eacf9fe5ea671685285454",
                "sha256:eb7e8cf2cf11a2580088009b43de84cabbf6f5dae94ceb489f28dba01a17cb77",
                "sha256:f340331a3f411910adfb4bbe46c2ed5872d9e473a783d7f14ecf49bc0869c594"
            ],
            "index": "pypi",
            "version": "==1.5.1"
        },
        "pluggy": {
            "hashes": [
                "sha256:4224373bacce55f955a878bf9cfa763c1e360858e330072059e10bad68531159",
                "sha256:74134bbf457f031a36d68416e1509f34bd5ccc019f0bcc952c7b909d06b37bd3"
            ],
            "markers": "python_version >= '3.6'",
            "version": "==1.0.0"
        },
        "pyparsing": {
            "hashes": [
                "sha256:2b020ecf7d21b687f219b71ecad3631f644a47f01403fa1d1036b0c6416d70fb",
                "sha256:5026bae9a10eeaefb61dab2f09052b9f4307d44aee4eda64b309723d8d206bbc"
            ],
            "markers": "python_full_version >= '3.6.8'",
            "version": "==3.0.9"
        },
        "pytest": {
            "hashes": [
                "sha256:892f933d339f068883b6fd5a459f03d85bfcb355e4981e146d2c7616c21fef71",
                "sha256:c4014eb40e10f11f355ad4e3c2fb2c6c6d1919c73f3b5a433de4708202cade59"
            ],
            "index": "pypi",
            "version": "==7.2.0"
        },
        "python-dateutil": {
            "hashes": [
                "sha256:0123cacc1627ae19ddf3c27a5de5bd67ee4586fbdd6440d9748f8abb483d3e86",
                "sha256:961d03dc3453ebbc59dbdea9e4e11c5651520a876d0f4db161e8674aae935da9"
            ],
            "markers": "python_version >= '2.7' and python_version not in '3.0, 3.1, 3.2, 3.3'",
            "version": "==2.8.2"
        },
        "pytz": {
            "hashes": [
                "sha256:222439474e9c98fced559f1709d89e6c9cbf8d79c794ff3eb9f8800064291427",
                "sha256:e89512406b793ca39f5971bc999cc538ce125c0e51c27941bef4568b460095e2"
            ],
            "version": "==2022.6"
        },
        "six": {
            "hashes": [
                "sha256:1e61c37477a1626458e36f7b1d82aa5c9b094fa4802892072e49de9c60c4c926",
                "sha256:8abb2f1d86890a2dfb989f9a77cfcfd3e47c2a354b01111771326f8aa26e0254"
            ],
            "markers": "python_version >= '2.7' and python_version not in '3.0, 3.1, 3.2, 3.3'",
            "version": "==1.16.0"
        },
        "tomli": {
            "hashes": [
                "sha256:939de3e7a6161af0c887ef91b7d41a53e7c5a1ca976325f429cb46ea9bc30ecc",
                "sha256:de526c12914f0c550d15924c62d72abc48d6fe7364aa87328337a31007fe8a4f"
            ],
            "markers": "python_version < '3.11'",
            "version": "==2.0.1"
        },
        "unlzw3": {
            "hashes": [
                "sha256:eaf26c213100d886cea513e2cd77cc2fe418192789197c685259aa070fb88829"
            ],
            "markers": "python_version >= '3.7'",
            "version": "==0.2.1"
        },
        "xarray": {
            "hashes": [
                "sha256:228ed50ab3f1f7e2ba66670ded05f0bee46c69c4f902f346947b5723479af97f",
                "sha256:3008a302877f87a0f9043b1f01a4ad4e85b668bbdd38d488764098624632f527"
            ],
            "markers": "python_version >= '3.8'",
            "version": "==2022.11.0"
        }
    },
    "develop": {}
}
