{
    "_meta": {
        "hash": {
            "sha256": "3b42357ce73602e2a9e489dca702654dfefe1152cc847157844e56e0702d5e25"
        },
        "pipfile-spec": 6,
        "requires": {
            "python_full_version": "3.10.8",
            "python_version": "3.10"
        },
        "sources": [
            {
                "name": "pypi",
                "url": "https://pypi.org/simple",
                "verify_ssl": true
            }
        ]
    },
    "default": {
        "certifi": {
            "hashes": [
                "sha256:9b469f3a900bf28dc19b8cfbf8019bf47f7fdd1a65a1d4ffb98fc14166beb4d1",
                "sha256:e036ab49d5b79556f99cfc2d9320b34cfbe5be05c5871b51de9329f0603b0474"
            ],
            "markers": "python_version >= '3.6'",
            "version": "==2023.11.17"
        },
        "cftime": {
            "hashes": [
                "sha256:022dabf1610cdd04a693e730fa8f71d307059717f29dba921e7486e553412bb4",
                "sha256:0a38eb9f5c733a23e1714bd3ef2762ed5acee34f127670f8fb4ad6464946f6b3",
                "sha256:2d113a01ab924445e61d65c26bbd95bc08e4a22878d3b947064bba056c884c4a",
                "sha256:3b86be8c2f254147be4ba88f12099466dde457a4a3a21de6c69d52a7224c13ae",
                "sha256:3cf6e216a4c06f9a628cdf8e9c9d5e8097fb3eb02dd087dd14ab3b18478a7271",
                "sha256:4d6fbd5f41b322cfa7b0ac3aaadeceb4450100a164b5bccbbb9e7c5048489a88",
                "sha256:523b9a6bf03f5e36407979e248381d0fcab2d225b915bbde77d00c6dde192b90",
                "sha256:5f11685663a6af97418908060492a07663c16d42519c139ca03c2ffb1377fd25",
                "sha256:80eb1170ce1639016f55760847f4aadd04b0312496c5bac2797e930914bba48d",
                "sha256:8a14d2c7d22fd2a6dfa6ad563283b6d6679f1df95e0ed8d14b8f284dad402887",
                "sha256:8d2c01456d9d7b46aa710a41d1c711a50d5ea259aff4a987d0e973d1093bc922",
                "sha256:9eb177a02db7cd84aa6962278e4bd2d3106a545de82e6aacd9404f1e153661db",
                "sha256:a98abb1d46d118e52b0611ce668a0b714b407be26177ef0581ecf5e95f894725",
                "sha256:b62d42546fa5c914dfea5b15a9aaed2087ea1211cc36d08c374502ef95892038",
                "sha256:bbf782ab4ac0605bdec2b941952c897595613203942b7f8c2fccd17efa5147df",
                "sha256:bedb577bc8b8f3f10f5336c0792e5dae88605781890f50f36b45bb46907968e8",
                "sha256:d0a6b29f72a13f08e008b9becff247cc75c84acb213332ede18879c5b6aa4dfd",
                "sha256:d87dadd0824262bdd7493babd2a44447da0a22175ded8ae9e060a3aebec7c5d7",
                "sha256:d9b00c2844c7a1701d8ede5336b6321dfee256ceab81a34a1aff0483d56891a6",
                "sha256:eb6dd70b2ccabfe1a14b7fbb0bbdce0418e71697094373c0d573c880790fa291",
                "sha256:f9878bfd8c1c3f24184ecbd528f739ba46ebaceaf1c8a24d348d7befb117a285"
            ],
            "markers": "python_version >= '3.8'",
            "version": "==1.6.3"
        },
        "georinex": {
            "editable": true,
            "git": "git+https://github.com/jtec/georinex.git",
            "markers": "python_version >= '3.8'",
            "ref": "d131cc54a3e483d0b5759edbf612c73a6bdcd14e"
        },
        "hatanaka": {
            "hashes": [
                "sha256:085bcf99f0dbf7ad6c05a5e192e222a82173e901fb3255d21eabc41bcca02f23",
                "sha256:1a7990b900643fa3b0a720cec83e1b7bd544128ae3a11509f27fea4d0ae9d131",
                "sha256:23e9ade070cdfd1dcb2f4029f8adfed82b5b3fd58317fa91df7ff43f1681b299",
                "sha256:402624db70856e804b6d3438921ae8058b033f8ceb05bb2c228f8d46250d78b1",
                "sha256:4a92a3b1cd403d826802f3b9b83d68479a210ed91bffd37efeb9aa2b87dea521",
                "sha256:5131cb9160bfe9df3127f8909a2bb47a0e3afc1778e72a49a5866522357e7d76",
                "sha256:6ae11ee5c489a803a2b34a546ab604b84be12b226e1655bbe7654701e22fe38e",
                "sha256:7a3628e116241cb51d15d1efada4fcd87c97db30bfd479ec540c024139fa088b",
                "sha256:7e8cc8829d4a0bc74b13fba07aecca5e3fcde0ea602a090bf6946931e5c5b108",
                "sha256:8ea03da8ffa218d7db49239f5225a0cb4f874a04de83b4cbdf2dfe6e312c249c",
                "sha256:96c1abdcf7bb3bc010da8314db38b3f458120b254f866652f20ac1c929846907",
                "sha256:abb9c216fd37fae932008da1824b9e12842ad468b7bc5a92d21da1867fa32499",
                "sha256:d86f2fb9e847a7fe5d4a330f3cbadc487d902b03021c609c5dd750688b712074",
                "sha256:d8e406ce6b5d40b83d659ba39640e592e62cdd894b4c5425d0773f6461bb9b4b",
                "sha256:e20c9d97483f08890f28745c144f412d57f524289efd7a83a300d98aabdad567",
                "sha256:eac8f15d0546a065f43d83e2bb9f1909167c3304e407363fb58c6469ffc8eb11",
                "sha256:eb61234c5f53991433097ba26eaacf05c177df3b8b986d4043acc03da5e11d70"
            ],
            "markers": "python_version >= '3.6'",
            "version": "==2.8.1"
        },
        "imohash": {
            "hashes": [
                "sha256:d37b3841281d125d3f35a41ce17490839e39a334e57be17cbe742a4203fc42a1",
                "sha256:d5dd87468464fe0ad08f0ac952a54502051b911fbbc2b91066edc0533e0df637"
            ],
            "index": "pypi",
            "version": "==1.0.5"
        },
        "importlib-resources": {
            "hashes": [
                "sha256:3893a00122eafde6894c59914446a512f728a0c1a45f9bb9b63721b6bacf0b4a",
                "sha256:e8bf90d8213b486f428c9c39714b920041cb02c184686a3dee24905aaa8105d6"
            ],
            "markers": "python_version >= '3.8'",
            "version": "==6.1.1"
        },
        "joblib": {
            "hashes": [
                "sha256:92f865e621e17784e7955080b6d042489e3b8e294949cc44c6eac304f59772b1",
                "sha256:ef4331c65f239985f3f2220ecc87db222f08fd22097a3dd5698f693875f8cbb9"
            ],
            "index": "pypi",
            "markers": "python_version >= '3.7'",
            "version": "==1.3.2"
        },
        "mmh3": {
            "hashes": [
                "sha256:0033d60c7939168ef65ddc396611077a7268bde024f2c23bdc283a19123f9e9c",
                "sha256:01bb9b90d61854dfc2407c5e5192bfb47222d74f29d140cb2dd2a69f2353f7cc",
                "sha256:073d57425a23721730d3ff5485e2da489dd3c90b04e86243dd7211f889898106",
                "sha256:08373082dfaa38fe97aa78753d1efd21a1969e51079056ff552e687764eafdfe",
                "sha256:086844830fcd1e5c84fec7017ea1ee8491487cfc877847d96f86f68881569d2e",
                "sha256:0dc6dc32eb03727467da8e17deffe004fbb65e8b5ee2b502d36250d7a3f4e2ec",
                "sha256:0ebe052fef4bbe30c0548d12ee46d09f1b69035ca5208a7075e55adfe091be44",
                "sha256:168473dd608ade6a8d2ba069600b35199a9af837d96177d3088ca91f2b3798e3",
                "sha256:1d3b1cdad7c71b7b88966301789a478af142bddcb3a2bee563f7a7d40519a00f",
                "sha256:1dd0f652ae99585b9dd26de458e5f08571522f0402155809fd1dc8852a613a39",
                "sha256:1e3b1a27def545ce11e36158ba5d5390cdbc300cfe456a942cc89d649cf7e3b2",
                "sha256:2974ad343f0d39dcc88e93ee6afa96cedc35a9883bc067febd7ff736e207fa47",
                "sha256:3280a463855b0eae64b681cd5b9ddd9464b73f81151e87bb7c91a811d25619e6",
                "sha256:372f4b7e1dcde175507640679a2a8790185bb71f3640fc28a4690f73da986a3b",
                "sha256:3b02268be6e0a8eeb8a924d7db85f28e47344f35c438c1e149878bb1c47b1cd3",
                "sha256:411da64b951f635e1e2284b71d81a5a83580cea24994b328f8910d40bed67276",
                "sha256:42dfd6742b9e3eec599f85270617debfa0bbb913c545bb980c8a4fa7b2d047da",
                "sha256:438584b97f6fe13e944faf590c90fc127682b57ae969f73334040d9fa1c7ffa5",
                "sha256:475d6d1445dd080f18f0f766277e1237fa2914e5fe3307a3b2a3044f30892103",
                "sha256:4a013979fc9390abadc445ea2527426a0e7a4495c19b74589204f9b71bcaafeb",
                "sha256:4a69d6afe3190fa08f9e3a58e5145549f71f1f3fff27bd0800313426929c7068",
                "sha256:5135358a7e00991f73b88cdc8eda5203bf9de22120d10a834c5761dbeb07dd13",
                "sha256:5259ac0535874366e7d1a5423ef746e0d36a9e3c14509ce6511614bdc5a7ef5b",
                "sha256:52ba2da04671a9621580ddabf72f06f0e72c1c9c3b7b608849b58b11080d8f14",
                "sha256:53db8d9bad3cb66c8f35cbc894f336273f63489ce4ac416634932e3cbe79eb5b",
                "sha256:54b9c6a2ea571b714e4fe28d3e4e2db37abfd03c787a58074ea21ee9a8fd1740",
                "sha256:571a92bad859d7b0330e47cfd1850b76c39b615a8d8e7aa5853c1f971fd0c4b1",
                "sha256:598c352da1d945108aee0c3c3cfdd0e9b3edef74108f53b49d481d3990402169",
                "sha256:5a5fef4c4ecc782e6e43fbeab09cff1bac82c998a1773d3a5ee6a3605cde343e",
                "sha256:5bf33dc43cd6de2cb86e0aa73a1cc6530f557854bbbe5d59f41ef6de2e353d7b",
                "sha256:5ca07c41e6a2880991431ac717c2a049056fff497651a76e26fc22224e8b5732",
                "sha256:6218666f74c8c013c221e7f5f8a693ac9cf68e5ac9a03f2373b32d77c48904de",
                "sha256:6477a05d5e5ab3168e82e8b106e316210ac954134f46ec529356607900aea82a",
                "sha256:6e27931b232fc676675fac8641c6ec6b596daa64d82170e8597f5a5b8bdcd3b6",
                "sha256:71e32ddec7f573a1a0feb8d2cf2af474c50ec21e7a8263026e8d3b4b629805db",
                "sha256:73ea4cc55e8aea28c86799ecacebca09e5f86500414870a8abaedfcbaf74d288",
                "sha256:74699a8984ded645c1a24d6078351a056f5a5f1fe5838870412a68ac5e28d865",
                "sha256:75da0f615eb55295a437264cc0b736753f830b09d102aa4c2a7d719bc445ec05",
                "sha256:7cbb20b29d57e76a58b40fd8b13a9130db495a12d678d651b459bf61c0714cea",
                "sha256:8e2c1f6a2b41723a4f82bd5a762a777836d29d664fc0095f17910bea0adfd4a6",
                "sha256:940d86522f36348ef1a494cbf7248ab3f4a1638b84b59e6c9e90408bd11ad729",
                "sha256:97ac57c6c3301769e757d444fa7c973ceb002cb66534b39cbab5e38de61cd896",
                "sha256:98a49121afdfab67cd80e912b36404139d7deceb6773a83620137aaa0da5714c",
                "sha256:99180d7fd2327a6fffbaff270f760576839dc6ee66d045fa3a450f3490fda7f5",
                "sha256:99d25548070942fab1e4a6f04d1626d67e66d0b81ed6571ecfca511f3edf07e6",
                "sha256:99dd564e9e2b512eb117bd0cbf0f79a50c45d961c2a02402787d581cec5448d5",
                "sha256:9ae3a5c1b32dda121c7dc26f9597ef7b01b4c56a98319a7fe86c35b8bc459ae6",
                "sha256:9b0d4f3949913a9f9a8fb1bb4cc6ecd52879730aab5ff8c5a3d8f5b593594b73",
                "sha256:a1cf25348b9acd229dda464a094d6170f47d2850a1fcb762a3b6172d2ce6ca4a",
                "sha256:a3b680b471c181490cf82da2142029edb4298e1bdfcb67c76922dedef789868d",
                "sha256:a42ad267e131d7847076bb7e31050f6c4378cd38e8f1bf7a0edd32f30224d5c9",
                "sha256:a7b1edf24c69e3513f879722b97ca85e52f9032f24a52284746877f6a7304086",
                "sha256:a7b6502cdb4dbd880244818ab363c8770a48cdccecf6d729ade0241b736b5ec0",
                "sha256:aa1f13e94b8631c8cd53259250556edcf1de71738936b60febba95750d9632bd",
                "sha256:ac0ae43caae5a47afe1b63a1ae3f0986dde54b5fb2d6c29786adbfb8edc9edfb",
                "sha256:ac59294a536ba447b5037f62d8367d7d93b696f80671c2c45645fa9f1109413c",
                "sha256:afb127be0be946b7630220908dbea0cee0d9d3c583fa9114a07156f98566dc28",
                "sha256:b3dcccc4935686619a8e3d1f7b6e97e3bd89a4a796247930ee97d35ea1a39341",
                "sha256:b926b07fd678ea84b3a2afc1fa22ce50aeb627839c44382f3d0291e945621e1a",
                "sha256:ba245e94b8d54765e14c2d7b6214e832557e7856d5183bc522e17884cab2f45d",
                "sha256:bb04e2feeabaad6231e89cd43b3d01a4403579aa792c9ab6fdeef45cc58d4ec0",
                "sha256:bcb1b8b951a2c0b0fb8a5426c62a22557e2ffc52539e0a7cc46eb667b5d606a9",
                "sha256:be5ac76a8b0cd8095784e51e4c1c9c318c19edcd1709a06eb14979c8d850c31a",
                "sha256:bebc3ecb6ba18292e3d40c8712482b4477abd6981c2ebf0e60869bd90f8ac3a9",
                "sha256:c5950827ca0453a2be357696da509ab39646044e3fa15cad364eb65d78797437",
                "sha256:c5b053334f9b0af8559d6da9dc72cef0a65b325ebb3e630c680012323c950bb6",
                "sha256:ce0ab79ff736d7044e5e9b3bfe73958a55f79a4ae672e6213e92492ad5e734d5",
                "sha256:cff9ae76a54f7c6fe0167c9c4028c12c1f6de52d68a31d11b6790bb2ae685560",
                "sha256:d08b790a63a9a1cde3b5d7d733ed97d4eb884bfbc92f075a091652d6bfd7709a",
                "sha256:d6af3e2287644b2b08b5924ed3a88c97b87b44ad08e79ca9f93d3470a54a41c5",
                "sha256:d82eb4defa245e02bb0b0dc4f1e7ee284f8d212633389c91f7fba99ba993f0a2",
                "sha256:da5892287e5bea6977364b15712a2573c16d134bc5fdcdd4cf460006cf849278",
                "sha256:deb887f5fcdaf57cf646b1e062d56b06ef2f23421c80885fce18b37143cba828",
                "sha256:e42b38fad664f56f77f6fbca22d08450f2464baa68acdbf24841bf900eb98e87",
                "sha256:eaefd42e85afb70f2b855a011f7b4d8a3c7e19c3f2681fa13118e4d8627378c5",
                "sha256:f0dc874cedc23d46fc488a987faa6ad08ffa79e44fb08e3cd4d4cf2877c00a00",
                "sha256:f6f02576a4d106d7830ca90278868bf0983554dd69183b7bbe09f2fcd51cf54f",
                "sha256:f90938ff137130e47bcec8dc1f4ceb02f10178c766e2ef58a9f657ff1f62d124",
                "sha256:fa7eacd2b830727ba3dd65a365bed8a5c992ecd0c8348cf39a05cc77d22f4970",
                "sha256:fefef92e9c544a8dbc08f77a8d1b6d48006a750c4375bbcd5ff8199d761e263b"
            ],
            "version": "==4.1.0"
        },
        "ncompress": {
            "hashes": [
                "sha256:016a3c60f6a25c50323cbcf4faf7c6ccd1992468eb6c6348a9d164cca3b53083",
                "sha256:0459002f93a2ed501fc76b6cd8806216f242cd86f11dac6df88932214345dd42",
                "sha256:062d8fb3ea0534a96de052eb68343da831c88a607685a87b0dc144ad1466e9ff",
                "sha256:068bb0356d74afcf8f38b231e76773116e7346c76a6face3e25ec7cec4d60795",
                "sha256:0ce207383fa1c1fb47320f3fb593a360ad30cc04b5ffcd868c020210eb57b798",
                "sha256:0f7c85fb141308e806fecc47791aaa5d03efd05f2b6d0d9bdf0f7ce021f60799",
                "sha256:13a719822859605a798cf96e678b31e1dd66541369be48cc3ef544f2c6e14f08",
                "sha256:149464d41c24fa66e1497b8e2b460f312dbe017624b46af1514bf0276485a99f",
                "sha256:2039fd029b0c7b7bec320ab5450cdc93ef786bad9ba7a87162aa2892dd7156f9",
                "sha256:213eedd6cf7bf550cce2ff6e72791c8343396d169a248d1b422b17f68cd387ed",
                "sha256:29e7fce7e246de8871dc94349a1abf21da675e249acdaac76d95601a7c3da928",
                "sha256:2df08321ed9c8d0bbba34b2859b8a5a2833a3a315f131b81603eb1dc7423c0ba",
                "sha256:39ced149de176fda05198e4d0ede9d88bb2a4b717f559b4826a169dd61ab41d9",
                "sha256:3c48aac59135cd521ba7a8ee0f6dd9d03946a3f2d2e02d4534dabe7423fd3420",
                "sha256:47ade5c18733da749ba7371ac27e68ba806d67d430e5eb37c48bf338bb975382",
                "sha256:487f680e369ef2f7cdf26f888dd83dc2bdf36c5764d7be204300db2a8e176e50",
                "sha256:497be1959fa0c0c4249f546c059ee0a98e4f86d2bafe846a69acdbcd3bab849b",
                "sha256:4a707c302c008498afd23959ba6d64b7e4aa3a292d78e10dbb5c35f80b57ad64",
                "sha256:4abc4469666f6cf7f7e27fc8c1e629088c075ef5dfb22ad55cb80a193d745fdc",
                "sha256:62a95f693d6964d1b25110afa7b2111a6a471c62727b5efa2e3a8e5e3c5922ff",
                "sha256:64bf39b339350f099811ab8eaf7a8aece5629a4555838c9744c81cdc39a1ad15",
                "sha256:723308a5782bed3ddcfba9e0c3ce6aecfad01e3d7644b44995e2cecc7317685f",
                "sha256:73a1025f501ea3d0b729da59f557ab67f6533a97ebe0082fd762018132cf92a7",
                "sha256:7719b8659a9f61b3cfacbbd9c1bb07a3656945aed0bf2c73e34cd1122edc9ff2",
                "sha256:7be5cca28b1a7c8df5d989d90c80d316b486bc8d32c67aec2029b27b9589c5df",
                "sha256:7c19380caa250289260576ca5c29558ed00f516ba9844283d6c9a5b7e6a0475f",
                "sha256:7eb3eb16d26acc64e3175e8aec9dc102fe3355e45a701bf8c273c9d9af55b2d0",
                "sha256:8101d647f5334c4afb2a11e0c18602a9bdddb4260ee0a4f8ec6241930c89124d",
                "sha256:8207723ff3ba3f27a4bdb7632d5be05a6de5e0e163c4495dd66856d713f96dec",
                "sha256:8308fb769bb5eb063badd92904f4abe8c0f1c023d71a7cda168a033cbcc60c88",
                "sha256:85feb2f4ea85ac8ac9708c9a912e93f75e899d88eab2af6e89aae7a79120e105",
                "sha256:87ea419d904f44833620a14a9815d3aaa70e4b9739a743953c963a56be64d711",
                "sha256:938eee75b6084e5fb3cf4fb6a79ba86fb261cade319639893f369401c53687e4",
                "sha256:95a846e1704852c95c7ec347f09fc4bea3dfd3581020e3c694a1081a8fcd3ea1",
                "sha256:9bcb8f79fcaba867768178b98e25106c63a79f077f1ea22ec59e7945236a8ab7",
                "sha256:a1f9b16445da8af82073b5e7a9b33c024bd4299bfecfba1da636d32da5c9c399",
                "sha256:a27a54b572da8f14ac0c0689660f13cddb02a2822b03048d3c2ce3d28fb11027",
                "sha256:a6ae50e6e7f15aad30cd73d9261742e683fb660e9598564b14f05fe87e026e65",
                "sha256:a9345d3825776440bba31b1998bd11a377e3eb98bb79377ae91739b5e7464c1c",
                "sha256:a94fc9e3e047199c29ada85fa3104de6a7b486859337a05259b8ae24c1686e29",
                "sha256:ac44c41811b5c1105974f92858cf607de7cd2a9a57ad2e511c603fc90d4dd034",
                "sha256:ba638721c66c1946c32bbb86e9413c8a101b0db09c82afe96dfe1a2201783cab",
                "sha256:c242d28f5679319733cf0f9a5342c3a94161214fb6ab4ef0fb15a31c65d69114",
                "sha256:c34316051bfc1305b3f51bf03cb78e115d23b153a34d8a1a9d04459e42857f84",
                "sha256:c62cd047119d897b789955b082c9da76efae5b47f84b0ebe68fbe9e37f932f7b",
                "sha256:cd1d7c3458f4c345dc47ede17e7777b1a7d6a26f18d08962b0a0804b142fdc1e",
                "sha256:cfba2d01010ee437425c0dd029e27429a6595e3e9447750b5821cb1908d347dc",
                "sha256:d26a0b26e958ea7ffbc41fa6fdfa9e8f1c72b45134ca0ad198ea3f61701ba0b4",
                "sha256:dbf462b9cc620b56bf824aa20aa9d75de04444d1e43f1b228037d1ecf01ce6be",
                "sha256:df2afc9e5ac6a72bed94fd75967cdacf826d94b7b29fe841210fefb1a7c6a6bb",
                "sha256:e37c183901042dbb29f9d24ce5a1239e9c57afdb9eb1a6a9deb5e036cca7149d",
                "sha256:f49a6aa4e1757a0963bbadea6219c0369afb07265ace6e5c4201c974f5e271a3"
            ],
            "markers": "python_version >= '3.8'",
            "version": "==1.0.1"
        },
        "netcdf4": {
            "hashes": [
                "sha256:0187646e3348e7a8cd654617dda65517df138042c94c2fcc6682ff7c8c6654dc",
                "sha256:081e9043ac6160989f60570928eabe803c88ce7df1d3f79f2345dc48f68ef752",
                "sha256:10d2ac9ae1308ca837d86c6dc304ec455a85bdba0f2175e222844a54589168dc",
                "sha256:111357d9e12eb79e8d58bfd91bc6b230d35b17a0ebd8c546d17416e8ceebea49",
                "sha256:18255b8b283d32d3900092f29c67e53aa25bd8f0dfe7adde59fe782d865a381c",
                "sha256:19e16c63cdd7c0dbffe284a4a65f226ba1026f476f35cbedd099b4792b395f69",
                "sha256:1c5fede0b34c0a02a1b9e84116bfb3fcd2f80124a651d4836e72b785d10e2f15",
                "sha256:2455e9d35fde067e6a6bdc24aa9d44962235a071cec49904d1589e298c23dcd3",
                "sha256:2c210794d96431d92b5992e46ad8a9f97237bf6d6956f8816978a03dc0fa18c3",
                "sha256:3aaceea2097d292bad398d9f9b4fe403efa7b1568fcfa6faba9b67b1630027f9",
                "sha256:3de5512b9270aa6472e4f3aa2bf895a7364c1d4f8667ce3b82e8232197d4fec8",
                "sha256:4609dd62d14798c9524327287091875449d68588c128abb768fc0c76c4a28165",
                "sha256:4a8300451d7542d3c4ff1dcccf5fb1c7d44bdd1dc08ec77dab04416caf13cb1f",
                "sha256:53050562bac84738bbd121fbbee9593d074579f5d6fdaafcb981abeb5c964225",
                "sha256:574d7742ab321e5f9f33b5b1296c4ad4e5c469152c17d4fc453d5070e413e596",
                "sha256:824881d0aacfde5bd982d6adedd8574259c85553781e7b83e0ce82b890bfa0ef",
                "sha256:938c062382406bca9198b16adddd87c09b00521766b138cdfd11c95546eefeb8",
                "sha256:9a63a2be2f80977ac23bb0aa736c565011fd4639097ce0922e01b0dc38015df2",
                "sha256:9b47b22dda5b25ba6291f97634d7ac67b0a843f8ae5c9d9d5813c15364f66d0a",
                "sha256:9e5edfed673005f47f8d2fbea9c72c382b085dd358ac3c20ca743a563ed7b90e",
                "sha256:a1ab5dabac27d25fcc82c52dc29a74a6585e865208cce35f4e285df83d3df0b2",
                "sha256:a27db2701feef31201c9b20b04a9579196edc20dfc339ca423c7b81e462d6e14",
                "sha256:ad1101d538077152b866782e44458356981526bf2ea9cc07930bf28b589c82a7",
                "sha256:b20971a164431f6eca1d24df8aa153db15c2c1b9630e83ccc5cf004e8ac8151d",
                "sha256:b994afce2ca4073f6b757385a6c0ffec25ecaae2b8821535b303c7cdbf6de42b",
                "sha256:d23b97cbde2bf413fadc4697c5c255a0436511c02f811e127e0fb12f5b882a4c",
                "sha256:de4dc973fae9e2bbdf42e094125e423a4c25393172a61958314969b055a38889"
            ],
            "markers": "python_version >= '3.7'",
            "version": "==1.6.5"
        },
        "numpy": {
            "hashes": [
                "sha256:02f98011ba4ab17f46f80f7f8f1c291ee7d855fcef0a5a98db80767a468c85cd",
                "sha256:0b7e807d6888da0db6e7e75838444d62495e2b588b99e90dd80c3459594e857b",
                "sha256:12c70ac274b32bc00c7f61b515126c9205323703abb99cd41836e8125ea0043e",
                "sha256:1666f634cb3c80ccbd77ec97bc17337718f56d6658acf5d3b906ca03e90ce87f",
                "sha256:18c3319a7d39b2c6a9e3bb75aab2304ab79a811ac0168a671a62e6346c29b03f",
                "sha256:211ddd1e94817ed2d175b60b6374120244a4dd2287f4ece45d49228b4d529178",
                "sha256:21a9484e75ad018974a2fdaa216524d64ed4212e418e0a551a2d83403b0531d3",
                "sha256:39763aee6dfdd4878032361b30b2b12593fb445ddb66bbac802e2113eb8a6ac4",
                "sha256:3c67423b3703f8fbd90f5adaa37f85b5794d3366948efe9a5190a5f3a83fc34e",
                "sha256:46f47ee566d98849323f01b349d58f2557f02167ee301e5e28809a8c0e27a2d0",
                "sha256:51c7f1b344f302067b02e0f5b5d2daa9ed4a721cf49f070280ac202738ea7f00",
                "sha256:5f24750ef94d56ce6e33e4019a8a4d68cfdb1ef661a52cdaee628a56d2437419",
                "sha256:697df43e2b6310ecc9d95f05d5ef20eacc09c7c4ecc9da3f235d39e71b7da1e4",
                "sha256:6d45b3ec2faed4baca41c76617fcdcfa4f684ff7a151ce6fc78ad3b6e85af0a6",
                "sha256:77810ef29e0fb1d289d225cabb9ee6cf4d11978a00bb99f7f8ec2132a84e0166",
                "sha256:7ca4f24341df071877849eb2034948459ce3a07915c2734f1abb4018d9c49d7b",
                "sha256:7f784e13e598e9594750b2ef6729bcd5a47f6cfe4a12cca13def35e06d8163e3",
                "sha256:806dd64230dbbfaca8a27faa64e2f414bf1c6622ab78cc4264f7f5f028fee3bf",
                "sha256:867e3644e208c8922a3be26fc6bbf112a035f50f0a86497f98f228c50c607bb2",
                "sha256:8c66d6fec467e8c0f975818c1796d25c53521124b7cfb760114be0abad53a0a2",
                "sha256:8ed07a90f5450d99dad60d3799f9c03c6566709bd53b497eb9ccad9a55867f36",
                "sha256:9bc6d1a7f8cedd519c4b7b1156d98e051b726bf160715b769106661d567b3f03",
                "sha256:9e1591f6ae98bcfac2a4bbf9221c0b92ab49762228f38287f6eeb5f3f55905ce",
                "sha256:9e87562b91f68dd8b1c39149d0323b42e0082db7ddb8e934ab4c292094d575d6",
                "sha256:a7081fd19a6d573e1a05e600c82a1c421011db7935ed0d5c483e9dd96b99cf13",
                "sha256:a8474703bffc65ca15853d5fd4d06b18138ae90c17c8d12169968e998e448bb5",
                "sha256:af36e0aa45e25c9f57bf684b1175e59ea05d9a7d3e8e87b7ae1a1da246f2767e",
                "sha256:b1240f767f69d7c4c8a29adde2310b871153df9b26b5cb2b54a561ac85146485",
                "sha256:b4d362e17bcb0011738c2d83e0a65ea8ce627057b2fdda37678f4374a382a137",
                "sha256:b831295e5472954104ecb46cd98c08b98b49c69fdb7040483aff799a755a7374",
                "sha256:b8c275f0ae90069496068c714387b4a0eba5d531aace269559ff2b43655edd58",
                "sha256:bdd2b45bf079d9ad90377048e2747a0c82351989a2165821f0c96831b4a2a54b",
                "sha256:cc0743f0302b94f397a4a65a660d4cd24267439eb16493fb3caad2e4389bccbb",
                "sha256:da4b0c6c699a0ad73c810736303f7fbae483bcb012e38d7eb06a5e3b432c981b",
                "sha256:f25e2811a9c932e43943a2615e65fc487a0b6b49218899e62e426e7f0a57eeda",
                "sha256:f73497e8c38295aaa4741bdfa4fda1a5aedda5473074369eca10626835445511"
            ],
            "index": "pypi",
            "markers": "python_version >= '3.9'",
            "version": "==1.26.3"
        },
        "packaging": {
            "hashes": [
                "sha256:048fb0e9405036518eaaf48a55953c750c11e1a1b68e0dd1a9d62ed0c092cfc5",
                "sha256:8c491190033a9af7e1d931d0b5dacc2ef47509b34dd0de67ed209b5203fc88c7"
            ],
            "markers": "python_version >= '3.7'",
            "version": "==23.2"
        },
        "pandas": {
            "hashes": [
                "sha256:00028e6737c594feac3c2df15636d73ace46b8314d236100b57ed7e4b9ebe8d9",
                "sha256:0aa6e92e639da0d6e2017d9ccff563222f4eb31e4b2c3cf32a2a392fc3103c0d",
                "sha256:1ebfd771110b50055712b3b711b51bee5d50135429364d0498e1213a7adc2be8",
                "sha256:294d96cfaf28d688f30c918a765ea2ae2e0e71d3536754f4b6de0ea4a496d034",
                "sha256:3f06bda01a143020bad20f7a85dd5f4a1600112145f126bc9e3e42077c24ef34",
                "sha256:426dc0f1b187523c4db06f96fb5c8d1a845e259c99bda74f7de97bd8a3bb3139",
                "sha256:45d63d2a9b1b37fa6c84a68ba2422dc9ed018bdaa668c7f47566a01188ceeec1",
                "sha256:482d5076e1791777e1571f2e2d789e940dedd927325cc3cb6d0800c6304082f6",
                "sha256:6b728fb8deba8905b319f96447a27033969f3ea1fea09d07d296c9030ab2ed1d",
                "sha256:8a706cfe7955c4ca59af8c7a0517370eafbd98593155b48f10f9811da440248b",
                "sha256:8ea107e0be2aba1da619cc6ba3f999b2bfc9669a83554b1904ce3dd9507f0860",
                "sha256:ab5796839eb1fd62a39eec2916d3e979ec3130509930fea17fe6f81e18108f6a",
                "sha256:b0513a132a15977b4a5b89aabd304647919bc2169eac4c8536afb29c07c23540",
                "sha256:b7d852d16c270e4331f6f59b3e9aa23f935f5c4b0ed2d0bc77637a8890a5d092",
                "sha256:bd7d5f2f54f78164b3d7a40f33bf79a74cdee72c31affec86bfcabe7e0789821",
                "sha256:bdec823dc6ec53f7a6339a0e34c68b144a7a1fd28d80c260534c39c62c5bf8c9",
                "sha256:d2d3e7b00f703aea3945995ee63375c61b2e6aa5aa7871c5d622870e5e137623",
                "sha256:d65148b14788b3758daf57bf42725caa536575da2b64df9964c563b015230984",
                "sha256:d797591b6846b9db79e65dc2d0d48e61f7db8d10b2a9480b4e3faaddc421a171",
                "sha256:dc9bf7ade01143cddc0074aa6995edd05323974e6e40d9dbde081021ded8510e",
                "sha256:e9f17f2b6fc076b2a0078862547595d66244db0f41bf79fc5f64a5c4d635bead",
                "sha256:edbaf9e8d3a63a9276d707b4d25930a262341bca9874fcb22eff5e3da5394732",
                "sha256:f237e6ca6421265643608813ce9793610ad09b40154a3344a088159590469e46",
                "sha256:f69b0c9bb174a2342818d3e2778584e18c740d56857fc5cdb944ec8bbe4082cf",
                "sha256:fcb68203c833cc735321512e13861358079a96c174a61f5116a1de89c58c0ef7"
            ],
            "index": "pypi",
            "markers": "python_version >= '3.9'",
            "version": "==2.1.4"
        },
        "python-dateutil": {
            "hashes": [
                "sha256:0123cacc1627ae19ddf3c27a5de5bd67ee4586fbdd6440d9748f8abb483d3e86",
                "sha256:961d03dc3453ebbc59dbdea9e4e11c5651520a876d0f4db161e8674aae935da9"
            ],
            "markers": "python_version >= '2.7' and python_version not in '3.0, 3.1, 3.2, 3.3'",
            "version": "==2.8.2"
        },
        "pytz": {
            "hashes": [
                "sha256:7b4fddbeb94a1eba4b557da24f19fdf9db575192544270a9101d8509f9f43d7b",
                "sha256:ce42d816b81b68506614c11e8937d3aa9e41007ceb50bfdcb0749b921bf646c7"
            ],
            "version": "==2023.3.post1"
        },
        "six": {
            "hashes": [
                "sha256:1e61c37477a1626458e36f7b1d82aa5c9b094fa4802892072e49de9c60c4c926",
                "sha256:8abb2f1d86890a2dfb989f9a77cfcfd3e47c2a354b01111771326f8aa26e0254"
            ],
            "markers": "python_version >= '2.7' and python_version not in '3.0, 3.1, 3.2, 3.3'",
            "version": "==1.16.0"
        },
        "tzdata": {
            "hashes": [
                "sha256:aa3ace4329eeacda5b7beb7ea08ece826c28d761cda36e747cfbf97996d39bf3",
                "sha256:dd54c94f294765522c77399649b4fefd95522479a664a0cec87f41bebc6148c9"
            ],
            "markers": "python_version >= '2'",
            "version": "==2023.4"
        },
        "varint": {
            "hashes": [
                "sha256:a6ecc02377ac5ee9d65a6a8ad45c9ff1dac8ccee19400a5950fb51d594214ca5"
            ],
            "version": "==1.0.2"
        },
        "xarray": {
            "hashes": [
                "sha256:3c22b6824681762b6c3fcad86dfd18960a617bccbc7f456ce21b43a20e455fb9",
                "sha256:4565dbc890de47e278346c44d6b33bb07d3427383e077a7ca8ab6606196fd433"
            ],
            "markers": "python_version >= '3.9'",
            "version": "==2023.12.0"
        }
    },
    "develop": {}
}
